
Microsoft Visual Studio Solution File, Format Version 12.00
# Visual Studio 15
VisualStudioVersion = 15.0.28307.705
MinimumVisualStudioVersion = 10.0.40219.1
Project("{FAE04EC0-301F-11D3-BF4B-00C04F79EFBC}") = "AdminLTE", "AdminLTE\AdminLTE.csproj", "{D94CD883-DE15-49C9-A909-4F679E0573D9}"
EndProject
Global
	GlobalSection(SolutionConfigurationPlatforms) = preSolution
		Debug|Any CPU = Debug|Any CPU
		Release|Any CPU = Release|Any CPU
	EndGlobalSection
	GlobalSection(ProjectConfigurationPlatforms) = postSolution
		{D94CD883-DE15-49C9-A909-4F679E0573D9}.Debug|Any CPU.ActiveCfg = Debug|Any CPU
		{D94CD883-DE15-49C9-A909-4F679E0573D9}.Debug|Any CPU.Build.0 = Debug|Any CPU
		{D94CD883-DE15-49C9-A909-4F679E0573D9}.Release|Any CPU.ActiveCfg = Release|Any CPU
		{D94CD883-DE15-49C9-A909-4F679E0573D9}.Release|Any CPU.Build.0 = Release|Any CPU
	EndGlobalSection
	GlobalSection(SolutionProperties) = preSolution
		HideSolutionNode = FALSE
	EndGlobalSection
	GlobalSection(ExtensibilityGlobals) = postSolution
		SolutionGuid = {4C585E73-78FA-4A96-9ECA-C79F680B3001}
	EndGlobalSection
EndGlobal
